// !$*UTF8*$!
{
	archiveVersion = 1;
	classes = {
	};
	objectVersion = 46;
	objects = {

/* Begin PBXBuildFile section */
		00110537187A722B00B56D34 /* Foundation.framework in Frameworks */ = {isa = PBXBuildFile; fileRef = 00110536187A722B00B56D34 /* Foundation.framework */; };
		00110539187A722B00B56D34 /* CoreGraphics.framework in Frameworks */ = {isa = PBXBuildFile; fileRef = 00110538187A722B00B56D34 /* CoreGraphics.framework */; };
		0011053B187A722B00B56D34 /* UIKit.framework in Frameworks */ = {isa = PBXBuildFile; fileRef = 0011053A187A722B00B56D34 /* UIKit.framework */; };
		00110541187A722B00B56D34 /* InfoPlist.strings in Resources */ = {isa = PBXBuildFile; fileRef = 0011053F187A722B00B56D34 /* InfoPlist.strings */; };
		00110543187A722B00B56D34 /* main.m in Sources */ = {isa = PBXBuildFile; fileRef = 00110542187A722B00B56D34 /* main.m */; };
		00110547187A722B00B56D34 /* AppDelegate.m in Sources */ = {isa = PBXBuildFile; fileRef = 00110546187A722B00B56D34 /* AppDelegate.m */; };
		0011054A187A722B00B56D34 /* Main.storyboard in Resources */ = {isa = PBXBuildFile; fileRef = 00110548187A722B00B56D34 /* Main.storyboard */; };
		0011054D187A722B00B56D34 /* ViewController.m in Sources */ = {isa = PBXBuildFile; fileRef = 0011054C187A722B00B56D34 /* ViewController.m */; };
		0011054F187A722B00B56D34 /* Images.xcassets in Resources */ = {isa = PBXBuildFile; fileRef = 0011054E187A722B00B56D34 /* Images.xcassets */; };
		00110556187A722B00B56D34 /* XCTest.framework in Frameworks */ = {isa = PBXBuildFile; fileRef = 00110555187A722B00B56D34 /* XCTest.framework */; };
		00110557187A722B00B56D34 /* Foundation.framework in Frameworks */ = {isa = PBXBuildFile; fileRef = 00110536187A722B00B56D34 /* Foundation.framework */; };
		00110558187A722B00B56D34 /* UIKit.framework in Frameworks */ = {isa = PBXBuildFile; fileRef = 0011053A187A722B00B56D34 /* UIKit.framework */; };
		00110560187A722B00B56D34 /* InfoPlist.strings in Resources */ = {isa = PBXBuildFile; fileRef = 0011055E187A722B00B56D34 /* InfoPlist.strings */; };
		00110562187A722B00B56D34 /* ExImagePickerTests.m in Sources */ = {isa = PBXBuildFile; fileRef = 00110561187A722B00B56D34 /* ExImagePickerTests.m */; };
		00110570187A748800B56D34 /* sns1.png in Resources */ = {isa = PBXBuildFile; fileRef = 0011056B187A748800B56D34 /* sns1.png */; };
		00110571187A748800B56D34 /* sns2.png in Resources */ = {isa = PBXBuildFile; fileRef = 0011056C187A748800B56D34 /* sns2.png */; };
		00110572187A748800B56D34 /* sns3.png in Resources */ = {isa = PBXBuildFile; fileRef = 0011056D187A748800B56D34 /* sns3.png */; };
		00110573187A748800B56D34 /* sns4.png in Resources */ = {isa = PBXBuildFile; fileRef = 0011056E187A748800B56D34 /* sns4.png */; };
		00110574187A748800B56D34 /* sns0.png in Resources */ = {isa = PBXBuildFile; fileRef = 0011056F187A748800B56D34 /* sns0.png */; };
/* End PBXBuildFile section */

/* Begin PBXContainerItemProxy section */
		00110559187A722B00B56D34 /* PBXContainerItemProxy */ = {
			isa = PBXContainerItemProxy;
			containerPortal = 0011052B187A722B00B56D34 /* Project object */;
			proxyType = 1;
			remoteGlobalIDString = 00110532187A722B00B56D34;
			remoteInfo = ExImagePicker;
		};
/* End PBXContainerItemProxy section */

/* Begin PBXFileReference section */
		00110533187A722B00B56D34 /* ExImagePicker.app */ = {isa = PBXFileReference; explicitFileType = wrapper.application; includeInIndex = 0; path = ExImagePicker.app; sourceTree = BUILT_PRODUCTS_DIR; };
		00110536187A722B00B56D34 /* Foundation.framework */ = {isa = PBXFileReference; lastKnownFileType = wrapper.framework; name = Foundation.framework; path = System/Library/Frameworks/Foundation.framework; sourceTree = SDKROOT; };
		00110538187A722B00B56D34 /* CoreGraphics.framework */ = {isa = PBXFileReference; lastKnownFileType = wrapper.framework; name = CoreGraphics.framework; path = System/Library/Frameworks/CoreGraphics.framework; sourceTree = SDKROOT; };
		0011053A187A722B00B56D34 /* UIKit.framework */ = {isa = PBXFileReference; lastKnownFileType = wrapper.framework; name = UIKit.framework; path = System/Library/Frameworks/UIKit.framework; sourceTree = SDKROOT; };
		0011053E187A722B00B56D34 /* ExImagePicker-Info.plist */ = {isa = PBXFileReference; lastKnownFileType = text.plist.xml; path = "ExImagePicker-Info.plist"; sourceTree = "<group>"; };
		00110540187A722B00B56D34 /* en */ = {isa = PBXFileReference; lastKnownFileType = text.plist.strings; name = en; path = en.lproj/InfoPlist.strings; sourceTree = "<group>"; };
		00110542187A722B00B56D34 /* main.m */ = {isa = PBXFileReference; lastKnownFileType = sourcecode.c.objc; path = main.m; sourceTree = "<group>"; };
		00110544187A722B00B56D34 /* ExImagePicker-Prefix.pch */ = {isa = PBXFileReference; lastKnownFileType = sourcecode.c.h; path = "ExImagePicker-Prefix.pch"; sourceTree = "<group>"; };
		00110545187A722B00B56D34 /* AppDelegate.h */ = {isa = PBXFileReference; lastKnownFileType = sourcecode.c.h; path = AppDelegate.h; sourceTree = "<group>"; };
		00110546187A722B00B56D34 /* AppDelegate.m */ = {isa = PBXFileReference; lastKnownFileType = sourcecode.c.objc; path = AppDelegate.m; sourceTree = "<group>"; };
		00110549187A722B00B56D34 /* Base */ = {isa = PBXFileReference; lastKnownFileType = file.storyboard; name = Base; path = Base.lproj/Main.storyboard; sourceTree = "<group>"; };
		0011054B187A722B00B56D34 /* ViewController.h */ = {isa = PBXFileReference; lastKnownFileType = sourcecode.c.h; path = ViewController.h; sourceTree = "<group>"; };
		0011054C187A722B00B56D34 /* ViewController.m */ = {isa = PBXFileReference; lastKnownFileType = sourcecode.c.objc; path = ViewController.m; sourceTree = "<group>"; };
		0011054E187A722B00B56D34 /* Images.xcassets */ = {isa = PBXFileReference; lastKnownFileType = folder.assetcatalog; path = Images.xcassets; sourceTree = "<group>"; };
		00110554187A722B00B56D34 /* ExImagePickerTests.xctest */ = {isa = PBXFileReference; explicitFileType = wrapper.cfbundle; includeInIndex = 0; path = ExImagePickerTests.xctest; sourceTree = BUILT_PRODUCTS_DIR; };
		00110555187A722B00B56D34 /* XCTest.framework */ = {isa = PBXFileReference; lastKnownFileType = wrapper.framework; name = XCTest.framework; path = Library/Frameworks/XCTest.framework; sourceTree = DEVELOPER_DIR; };
		0011055D187A722B00B56D34 /* ExImagePickerTests-Info.plist */ = {isa = PBXFileReference; lastKnownFileType = text.plist.xml; path = "ExImagePickerTests-Info.plist"; sourceTree = "<group>"; };
		0011055F187A722B00B56D34 /* en */ = {isa = PBXFileReference; lastKnownFileType = text.plist.strings; name = en; path = en.lproj/InfoPlist.strings; sourceTree = "<group>"; };
		00110561187A722B00B56D34 /* ExImagePickerTests.m */ = {isa = PBXFileReference; lastKnownFileType = sourcecode.c.objc; path = ExImagePickerTests.m; sourceTree = "<group>"; };
		0011056B187A748800B56D34 /* sns1.png */ = {isa = PBXFileReference; lastKnownFileType = image.png; path = sns1.png; sourceTree = "<group>"; };
		0011056C187A748800B56D34 /* sns2.png */ = {isa = PBXFileReference; lastKnownFileType = image.png; path = sns2.png; sourceTree = "<group>"; };
		0011056D187A748800B56D34 /* sns3.png */ = {isa = PBXFileReference; lastKnownFileType = image.png; path = sns3.png; sourceTree = "<group>"; };
		0011056E187A748800B56D34 /* sns4.png */ = {isa = PBXFileReference; lastKnownFileType = image.png; path = sns4.png; sourceTree = "<group>"; };
		0011056F187A748800B56D34 /* sns0.png */ = {isa = PBXFileReference; lastKnownFileType = image.png; path = sns0.png; sourceTree = "<group>"; };
/* End PBXFileReference section */

/* Begin PBXFrameworksBuildPhase section */
		00110530187A722B00B56D34 /* Frameworks */ = {
			isa = PBXFrameworksBuildPhase;
			buildActionMask = 2147483647;
			files = (
				00110539187A722B00B56D34 /* CoreGraphics.framework in Frameworks */,
				0011053B187A722B00B56D34 /* UIKit.framework in Frameworks */,
				00110537187A722B00B56D34 /* Foundation.framework in Frameworks */,
			);
			runOnlyForDeploymentPostprocessing = 0;
		};
		00110551187A722B00B56D34 /* Frameworks */ = {
			isa = PBXFrameworksBuildPhase;
			buildActionMask = 2147483647;
			files = (
				00110556187A722B00B56D34 /* XCTest.framework in Frameworks */,
				00110558187A722B00B56D34 /* UIKit.framework in Frameworks */,
				00110557187A722B00B56D34 /* Foundation.framework in Frameworks */,
			);
			runOnlyForDeploymentPostprocessing = 0;
		};
/* End PBXFrameworksBuildPhase section */

/* Begin PBXGroup section */
		0011052A187A722B00B56D34 = {
			isa = PBXGroup;
			children = (
				0011053C187A722B00B56D34 /* ExImagePicker */,
				0011055B187A722B00B56D34 /* ExImagePickerTests */,
				00110535187A722B00B56D34 /* Frameworks */,
				00110534187A722B00B56D34 /* Products */,
			);
			sourceTree = "<group>";
		};
		00110534187A722B00B56D34 /* Products */ = {
			isa = PBXGroup;
			children = (
				00110533187A722B00B56D34 /* ExImagePicker.app */,
				00110554187A722B00B56D34 /* ExImagePickerTests.xctest */,
			);
			name = Products;
			sourceTree = "<group>";
		};
		00110535187A722B00B56D34 /* Frameworks */ = {
			isa = PBXGroup;
			children = (
				00110536187A722B00B56D34 /* Foundation.framework */,
				00110538187A722B00B56D34 /* CoreGraphics.framework */,
				0011053A187A722B00B56D34 /* UIKit.framework */,
				00110555187A722B00B56D34 /* XCTest.framework */,
			);
			name = Frameworks;
			sourceTree = "<group>";
		};
		0011053C187A722B00B56D34 /* ExImagePicker */ = {
			isa = PBXGroup;
			children = (
				0011056B187A748800B56D34 /* sns1.png */,
				0011056C187A748800B56D34 /* sns2.png */,
				0011056D187A748800B56D34 /* sns3.png */,
				0011056E187A748800B56D34 /* sns4.png */,
				0011056F187A748800B56D34 /* sns0.png */,
				00110545187A722B00B56D34 /* AppDelegate.h */,
				00110546187A722B00B56D34 /* AppDelegate.m */,
				00110548187A722B00B56D34 /* Main.storyboard */,
				0011054B187A722B00B56D34 /* ViewController.h */,
				0011054C187A722B00B56D34 /* ViewController.m */,
				0011054E187A722B00B56D34 /* Images.xcassets */,
				0011053D187A722B00B56D34 /* Supporting Files */,
			);
			path = ExImagePicker;
			sourceTree = "<group>";
		};
		0011053D187A722B00B56D34 /* Supporting Files */ = {
			isa = PBXGroup;
			children = (
				0011053E187A722B00B56D34 /* ExImagePicker-Info.plist */,
				0011053F187A722B00B56D34 /* InfoPlist.strings */,
				00110542187A722B00B56D34 /* main.m */,
				00110544187A722B00B56D34 /* ExImagePicker-Prefix.pch */,
			);
			name = "Supporting Files";
			sourceTree = "<group>";
		};
		0011055B187A722B00B56D34 /* ExImagePickerTests */ = {
			isa = PBXGroup;
			children = (
				00110561187A722B00B56D34 /* ExImagePickerTests.m */,
				0011055C187A722B00B56D34 /* Supporting Files */,
			);
			path = ExImagePickerTests;
			sourceTree = "<group>";
		};
		0011055C187A722B00B56D34 /* Supporting Files */ = {
			isa = PBXGroup;
			children = (
				0011055D187A722B00B56D34 /* ExImagePickerTests-Info.plist */,
				0011055E187A722B00B56D34 /* InfoPlist.strings */,
			);
			name = "Supporting Files";
			sourceTree = "<group>";
		};
/* End PBXGroup section */

/* Begin PBXNativeTarget section */
		00110532187A722B00B56D34 /* ExImagePicker */ = {
			isa = PBXNativeTarget;
			buildConfigurationList = 00110565187A722B00B56D34 /* Build configuration list for PBXNativeTarget "ExImagePicker" */;
			buildPhases = (
				0011052F187A722B00B56D34 /* Sources */,
				00110530187A722B00B56D34 /* Frameworks */,
				00110531187A722B00B56D34 /* Resources */,
			);
			buildRules = (
			);
			dependencies = (
			);
			name = ExImagePicker;
			productName = ExImagePicker;
			productReference = 00110533187A722B00B56D34 /* ExImagePicker.app */;
			productType = "com.apple.product-type.application";
		};
		00110553187A722B00B56D34 /* ExImagePickerTests */ = {
			isa = PBXNativeTarget;
			buildConfigurationList = 00110568187A722B00B56D34 /* Build configuration list for PBXNativeTarget "ExImagePickerTests" */;
			buildPhases = (
				00110550187A722B00B56D34 /* Sources */,
				00110551187A722B00B56D34 /* Frameworks */,
				00110552187A722B00B56D34 /* Resources */,
			);
			buildRules = (
			);
			dependencies = (
				0011055A187A722B00B56D34 /* PBXTargetDependency */,
			);
			name = ExImagePickerTests;
			productName = ExImagePickerTests;
			productReference = 00110554187A722B00B56D34 /* ExImagePickerTests.xctest */;
			productType = "com.apple.product-type.bundle.unit-test";
		};
/* End PBXNativeTarget section */

/* Begin PBXProject section */
		0011052B187A722B00B56D34 /* Project object */ = {
			isa = PBXProject;
			attributes = {
				LastUpgradeCheck = 0500;
				ORGANIZATIONNAME = "SDT-1";
				TargetAttributes = {
					00110553187A722B00B56D34 = {
						TestTargetID = 00110532187A722B00B56D34;
					};
				};
			};
			buildConfigurationList = 0011052E187A722B00B56D34 /* Build configuration list for PBXProject "ExImagePicker" */;
			compatibilityVersion = "Xcode 3.2";
			developmentRegion = English;
			hasScannedForEncodings = 0;
			knownRegions = (
				en,
				Base,
			);
			mainGroup = 0011052A187A722B00B56D34;
			productRefGroup = 00110534187A722B00B56D34 /* Products */;
			projectDirPath = "";
			projectRoot = "";
			targets = (
				00110532187A722B00B56D34 /* ExImagePicker */,
				00110553187A722B00B56D34 /* ExImagePickerTests */,
			);
		};
/* End PBXProject section */

/* Begin PBXResourcesBuildPhase section */
		00110531187A722B00B56D34 /* Resources */ = {
			isa = PBXResourcesBuildPhase;
			buildActionMask = 2147483647;
			files = (
				00110570187A748800B56D34 /* sns1.png in Resources */,
				00110571187A748800B56D34 /* sns2.png in Resources */,
				00110573187A748800B56D34 /* sns4.png in Resources */,
				0011054F187A722B00B56D34 /* Images.xcassets in Resources */,
				00110572187A748800B56D34 /* sns3.png in Resources */,
				00110574187A748800B56D34 /* sns0.png in Resources */,
				00110541187A722B00B56D34 /* InfoPlist.strings in Resources */,
				0011054A187A722B00B56D34 /* Main.storyboard in Resources */,
			);
			runOnlyForDeploymentPostprocessing = 0;
		};
		00110552187A722B00B56D34 /* Resources */ = {
			isa = PBXResourcesBuildPhase;
			buildActionMask = 2147483647;
			files = (
				00110560187A722B00B56D34 /* InfoPlist.strings in Resources */,
			);
			runOnlyForDeploymentPostprocessing = 0;
		};
/* End PBXResourcesBuildPhase section */

/* Begin PBXSourcesBuildPhase section */
		0011052F187A722B00B56D34 /* Sources */ = {
			isa = PBXSourcesBuildPhase;
			buildActionMask = 2147483647;
			files = (
				0011054D187A722B00B56D34 /* ViewController.m in Sources */,
				00110547187A722B00B56D34 /* AppDelegate.m in Sources */,
				00110543187A722B00B56D34 /* main.m in Sources */,
			);
			runOnlyForDeploymentPostprocessing = 0;
		};
		00110550187A722B00B56D34 /* Sources */ = {
			isa = PBXSourcesBuildPhase;
			buildActionMask = 2147483647;
			files = (
				00110562187A722B00B56D34 /* ExImagePickerTests.m in Sources */,
			);
			runOnlyForDeploymentPostprocessing = 0;
		};
/* End PBXSourcesBuildPhase section */

/* Begin PBXTargetDependency section */
		0011055A187A722B00B56D34 /* PBXTargetDependency */ = {
			isa = PBXTargetDependency;
			target = 00110532187A722B00B56D34 /* ExImagePicker */;
			targetProxy = 00110559187A722B00B56D34 /* PBXContainerItemProxy */;
		};
/* End PBXTargetDependency section */

/* Begin PBXVariantGroup section */
		0011053F187A722B00B56D34 /* InfoPlist.strings */ = {
			isa = PBXVariantGroup;
			children = (
				00110540187A722B00B56D34 /* en */,
			);
			name = InfoPlist.strings;
			sourceTree = "<group>";
		};
		00110548187A722B00B56D34 /* Main.storyboard */ = {
			isa = PBXVariantGroup;
			children = (
				00110549187A722B00B56D34 /* Base */,
			);
			name = Main.storyboard;
			sourceTree = "<group>";
		};
		0011055E187A722B00B56D34 /* InfoPlist.strings */ = {
			isa = PBXVariantGroup;
			children = (
				0011055F187A722B00B56D34 /* en */,
			);
			name = InfoPlist.strings;
			sourceTree = "<group>";
		};
/* End PBXVariantGroup section */

/* Begin XCBuildConfiguration section */
		00110563187A722B00B56D34 /* Debug */ = {
			isa = XCBuildConfiguration;
			buildSettings = {
				ALWAYS_SEARCH_USER_PATHS = NO;
				ARCHS = "$(ARCHS_STANDARD_INCLUDING_64_BIT)";
				CLANG_CXX_LANGUAGE_STANDARD = "gnu++0x";
				CLANG_CXX_LIBRARY = "libc++";
				CLANG_ENABLE_MODULES = YES;
				CLANG_ENABLE_OBJC_ARC = YES;
				CLANG_WARN_BOOL_CONVERSION = YES;
				CLANG_WARN_CONSTANT_CONVERSION = YES;
				CLANG_WARN_DIRECT_OBJC_ISA_USAGE = YES_ERROR;
				CLANG_WARN_EMPTY_BODY = YES;
				CLANG_WARN_ENUM_CONVERSION = YES;
				CLANG_WARN_INT_CONVERSION = YES;
				CLANG_WARN_OBJC_ROOT_CLASS = YES_ERROR;
				CLANG_WARN__DUPLICATE_METHOD_MATCH = YES;
				"CODE_SIGN_IDENTITY[sdk=iphoneos*]" = "iPhone Developer";
				COPY_PHASE_STRIP = NO;
				GCC_C_LANGUAGE_STANDARD = gnu99;
				GCC_DYNAMIC_NO_PIC = NO;
				GCC_OPTIMIZATION_LEVEL = 0;
				GCC_PREPROCESSOR_DEFINITIONS = (
					"DEBUG=1",
					"$(inherited)",
				);
				GCC_SYMBOLS_PRIVATE_EXTERN = NO;
				GCC_WARN_64_TO_32_BIT_CONVERSION = YES;
				GCC_WARN_ABOUT_RETURN_TYPE = YES_ERROR;
				GCC_WARN_UNDECLARED_SELECTOR = YES;
				GCC_WARN_UNINITIALIZED_AUTOS = YES;
				GCC_WARN_UNUSED_FUNCTION = YES;
				GCC_WARN_UNUSED_VARIABLE = YES;
				IPHONEOS_DEPLOYMENT_TARGET = 7.0;
				ONLY_ACTIVE_ARCH = YES;
				SDKROOT = iphoneos;
			};
			name = Debug;
		};
		00110564187A722B00B56D34 /* Release */ = {
			isa = XCBuildConfiguration;
			buildSettings = {
				ALWAYS_SEARCH_USER_PATHS = NO;
				ARCHS = "$(ARCHS_STANDARD_INCLUDING_64_BIT)";
				CLANG_CXX_LANGUAGE_STANDARD = "gnu++0x";
				CLANG_CXX_LIBRARY = "libc++";
				CLANG_ENABLE_MODULES = YES;
				CLANG_ENABLE_OBJC_ARC = YES;
				CLANG_WARN_BOOL_CONVERSION = YES;
				CLANG_WARN_CONSTANT_CONVERSION = YES;
				CLANG_WARN_DIRECT_OBJC_ISA_USAGE = YES_ERROR;
				CLANG_WARN_EMPTY_BODY = YES;
				CLANG_WARN_ENUM_CONVERSION = YES;
				CLANG_WARN_INT_CONVERSION = YES;
				CLANG_WARN_OBJC_ROOT_CLASS = YES_ERROR;
				CLANG_WARN__DUPLICATE_METHOD_MATCH = YES;
				"CODE_SIGN_IDENTITY[sdk=iphoneos*]" = "iPhone Developer";
				COPY_PHASE_STRIP = YES;
				ENABLE_NS_ASSERTIONS = NO;
				GCC_C_LANGUAGE_STANDARD = gnu99;
				GCC_WARN_64_TO_32_BIT_CONVERSION = YES;
				GCC_WARN_ABOUT_RETURN_TYPE = YES_ERROR;
				GCC_WARN_UNDECLARED_SELECTOR = YES;
				GCC_WARN_UNINITIALIZED_AUTOS = YES;
				GCC_WARN_UNUSED_FUNCTION = YES;
				GCC_WARN_UNUSED_VARIABLE = YES;
				IPHONEOS_DEPLOYMENT_TARGET = 7.0;
				SDKROOT = iphoneos;
				VALIDATE_PRODUCT = YES;
			};
			name = Release;
		};
		00110566187A722B00B56D34 /* Debug */ = {
			isa = XCBuildConfiguration;
			buildSettings = {
				ASSETCATALOG_COMPILER_APPICON_NAME = AppIcon;
				ASSETCATALOG_COMPILER_LAUNCHIMAGE_NAME = LaunchImage;
				GCC_PRECOMPILE_PREFIX_HEADER = YES;
				GCC_PREFIX_HEADER = "ExImagePicker/ExImagePicker-Prefix.pch";
				INFOPLIST_FILE = "ExImagePicker/ExImagePicker-Info.plist";
				PRODUCT_NAME = "$(TARGET_NAME)";
				WRAPPER_EXTENSION = app;
			};
			name = Debug;
		};
		00110567187A722B00B56D34 /* Release */ = {
			isa = XCBuildConfiguration;
			buildSettings = {
				ASSETCATALOG_COMPILER_APPICON_NAME = AppIcon;
				ASSETCATALOG_COMPILER_LAUNCHIMAGE_NAME = LaunchImage;
				GCC_PRECOMPILE_PREFIX_HEADER = YES;
				GCC_PREFIX_HEADER = "ExImagePicker/ExImagePicker-Prefix.pch";
				INFOPLIST_FILE = "ExImagePicker/ExImagePicker-Info.plist";
				PRODUCT_NAME = "$(TARGET_NAME)";
				WRAPPER_EXTENSION = app;
			};
			name = Release;
		};
		00110569187A722B00B56D34 /* Debug */ = {
			isa = XCBuildConfiguration;
			buildSettings = {
				ARCHS = "$(ARCHS_STANDARD_INCLUDING_64_BIT)";
				BUNDLE_LOADER = "$(BUILT_PRODUCTS_DIR)/ExImagePicker.app/ExImagePicker";
				FRAMEWORK_SEARCH_PATHS = (
					"$(SDKROOT)/Developer/Library/Frameworks",
					"$(inherited)",
					"$(DEVELOPER_FRAMEWORKS_DIR)",
				);
				GCC_PRECOMPILE_PREFIX_HEADER = YES;
				GCC_PREFIX_HEADER = "ExImagePicker/ExImagePicker-Prefix.pch";
				GCC_PREPROCESSOR_DEFINITIONS = (
					"DEBUG=1",
					"$(inherited)",
				);
				INFOPLIST_FILE = "ExImagePickerTests/ExImagePickerTests-Info.plist";
				PRODUCT_NAME = "$(TARGET_NAME)";
				TEST_HOST = "$(BUNDLE_LOADER)";
				WRAPPER_EXTENSION = xctest;
			};
			name = Debug;
		};
		0011056A187A722B00B56D34 /* Release */ = {
			isa = XCBuildConfiguration;
			buildSettings = {
				ARCHS = "$(ARCHS_STANDARD_INCLUDING_64_BIT)";
				BUNDLE_LOADER = "$(BUILT_PRODUCTS_DIR)/ExImagePicker.app/ExImagePicker";
				FRAMEWORK_SEARCH_PATHS = (
					"$(SDKROOT)/Developer/Library/Frameworks",
					"$(inherited)",
					"$(DEVELOPER_FRAMEWORKS_DIR)",
				);
				GCC_PRECOMPILE_PREFIX_HEADER = YES;
				GCC_PREFIX_HEADER = "ExImagePicker/ExImagePicker-Prefix.pch";
				INFOPLIST_FILE = "ExImagePickerTests/ExImagePickerTests-Info.plist";
				PRODUCT_NAME = "$(TARGET_NAME)";
				TEST_HOST = "$(BUNDLE_LOADER)";
				WRAPPER_EXTENSION = xctest;
			};
			name = Release;
		};
/* End XCBuildConfiguration section */

/* Begin XCConfigurationList section */
		0011052E187A722B00B56D34 /* Build configuration list for PBXProject "ExImagePicker" */ = {
			isa = XCConfigurationList;
			buildConfigurations = (
				00110563187A722B00B56D34 /* Debug */,
				00110564187A722B00B56D34 /* Release */,
			);
			defaultConfigurationIsVisible = 0;
			defaultConfigurationName = Release;
		};
		00110565187A722B00B56D34 /* Build configuration list for PBXNativeTarget "ExImagePicker" */ = {
			isa = XCConfigurationList;
			buildConfigurations = (
				00110566187A722B00B56D34 /* Debug */,
				00110567187A722B00B56D34 /* Release */,
			);
			defaultConfigurationIsVisible = 0;
		};
		00110568187A722B00B56D34 /* Build configuration list for PBXNativeTarget "ExImagePickerTests" */ = {
			isa = XCConfigurationList;
			buildConfigurations = (
				00110569187A722B00B56D34 /* Debug */,
				0011056A187A722B00B56D34 /* Release */,
			);
			defaultConfigurationIsVisible = 0;
		};
/* End XCConfigurationList section */
	};
	rootObject = 0011052B187A722B00B56D34 /* Project object */;
}
